// !$*UTF8*$!
{
	archiveVersion = 1;
	classes = {
	};
	objectVersion = 50;
	objects = {

/* Begin PBXBuildFile section */
		30EF49DE246C6797004E24E5 /* AppDelegate.swift in Sources */ = {isa = PBXBuildFile; fileRef = 30EF49DD246C6797004E24E5 /* AppDelegate.swift */; };
		30EF49E0246C6797004E24E5 /* SceneDelegate.swift in Sources */ = {isa = PBXBuildFile; fileRef = 30EF49DF246C6797004E24E5 /* SceneDelegate.swift */; };
		30EF49E2246C6797004E24E5 /* ContentView.swift in Sources */ = {isa = PBXBuildFile; fileRef = 30EF49E1246C6797004E24E5 /* ContentView.swift */; };
		30EF49E4246C6799004E24E5 /* Assets.xcassets in Resources */ = {isa = PBXBuildFile; fileRef = 30EF49E3246C6799004E24E5 /* Assets.xcassets */; };
		30EF49E7246C6799004E24E5 /* Preview Assets.xcassets in Resources */ = {isa = PBXBuildFile; fileRef = 30EF49E6246C6799004E24E5 /* Preview Assets.xcassets */; };
		30EF49EA246C6799004E24E5 /* LaunchScreen.storyboard in Resources */ = {isa = PBXBuildFile; fileRef = 30EF49E8246C6799004E24E5 /* LaunchScreen.storyboard */; };
		30EF49F8246C6AB2004E24E5 /* ShareViewController.swift in Sources */ = {isa = PBXBuildFile; fileRef = 30EF49F7246C6AB2004E24E5 /* ShareViewController.swift */; };
		30EF49FB246C6AB2004E24E5 /* MainInterface.storyboard in Resources */ = {isa = PBXBuildFile; fileRef = 30EF49F9246C6AB2004E24E5 /* MainInterface.storyboard */; };
		30EF49FF246C6AB2004E24E5 /* ConverterExtension.appex in Embed App Extensions */ = {isa = PBXBuildFile; fileRef = 30EF49F5246C6AB2004E24E5 /* ConverterExtension.appex */; settings = {ATTRIBUTES = (RemoveHeadersOnCopy, ); }; };
		30EF4A07246C8457004E24E5 /* TextModel.swift in Sources */ = {isa = PBXBuildFile; fileRef = 30EF4A06246C8457004E24E5 /* TextModel.swift */; };
/* End PBXBuildFile section */

/* Begin PBXContainerItemProxy section */
		30EF49FD246C6AB2004E24E5 /* PBXContainerItemProxy */ = {
			isa = PBXContainerItemProxy;
			containerPortal = 30EF49D2246C6797004E24E5 /* Project object */;
			proxyType = 1;
			remoteGlobalIDString = 30EF49F4246C6AB2004E24E5;
			remoteInfo = ConverterExtension;
		};
/* End PBXContainerItemProxy section */

/* Begin PBXCopyFilesBuildPhase section */
		30EF4A03246C6AB2004E24E5 /* Embed App Extensions */ = {
			isa = PBXCopyFilesBuildPhase;
			buildActionMask = 2147483647;
			dstPath = "";
			dstSubfolderSpec = 13;
			files = (
				30EF49FF246C6AB2004E24E5 /* ConverterExtension.appex in Embed App Extensions */,
			);
			name = "Embed App Extensions";
			runOnlyForDeploymentPostprocessing = 0;
		};
/* End PBXCopyFilesBuildPhase section */

/* Begin PBXFileReference section */
		30EF49DA246C6797004E24E5 /* HomeWork6.app */ = {isa = PBXFileReference; explicitFileType = wrapper.application; includeInIndex = 0; path = HomeWork6.app; sourceTree = BUILT_PRODUCTS_DIR; };
		30EF49DD246C6797004E24E5 /* AppDelegate.swift */ = {isa = PBXFileReference; lastKnownFileType = sourcecode.swift; path = AppDelegate.swift; sourceTree = "<group>"; };
		30EF49DF246C6797004E24E5 /* SceneDelegate.swift */ = {isa = PBXFileReference; lastKnownFileType = sourcecode.swift; path = SceneDelegate.swift; sourceTree = "<group>"; };
		30EF49E1246C6797004E24E5 /* ContentView.swift */ = {isa = PBXFileReference; lastKnownFileType = sourcecode.swift; path = ContentView.swift; sourceTree = "<group>"; };
		30EF49E3246C6799004E24E5 /* Assets.xcassets */ = {isa = PBXFileReference; lastKnownFileType = folder.assetcatalog; path = Assets.xcassets; sourceTree = "<group>"; };
		30EF49E6246C6799004E24E5 /* Preview Assets.xcassets */ = {isa = PBXFileReference; lastKnownFileType = folder.assetcatalog; path = "Preview Assets.xcassets"; sourceTree = "<group>"; };
		30EF49E9246C6799004E24E5 /* Base */ = {isa = PBXFileReference; lastKnownFileType = file.storyboard; name = Base; path = Base.lproj/LaunchScreen.storyboard; sourceTree = "<group>"; };
		30EF49EB246C6799004E24E5 /* Info.plist */ = {isa = PBXFileReference; lastKnownFileType = text.plist.xml; path = Info.plist; sourceTree = "<group>"; };
		30EF49F5246C6AB2004E24E5 /* ConverterExtension.appex */ = {isa = PBXFileReference; explicitFileType = "wrapper.app-extension"; includeInIndex = 0; path = ConverterExtension.appex; sourceTree = BUILT_PRODUCTS_DIR; };
		30EF49F7246C6AB2004E24E5 /* ShareViewController.swift */ = {isa = PBXFileReference; lastKnownFileType = sourcecode.swift; path = ShareViewController.swift; sourceTree = "<group>"; };
		30EF49FA246C6AB2004E24E5 /* Base */ = {isa = PBXFileReference; lastKnownFileType = file.storyboard; name = Base; path = Base.lproj/MainInterface.storyboard; sourceTree = "<group>"; };
		30EF49FC246C6AB2004E24E5 /* Info.plist */ = {isa = PBXFileReference; lastKnownFileType = text.plist.xml; path = Info.plist; sourceTree = "<group>"; };
		30EF4A04246C708D004E24E5 /* ConverterExtension.entitlements */ = {isa = PBXFileReference; lastKnownFileType = text.plist.entitlements; path = ConverterExtension.entitlements; sourceTree = "<group>"; };
		30EF4A05246C70EC004E24E5 /* HomeWork6.entitlements */ = {isa = PBXFileReference; lastKnownFileType = text.plist.entitlements; path = HomeWork6.entitlements; sourceTree = "<group>"; };
		30EF4A06246C8457004E24E5 /* TextModel.swift */ = {isa = PBXFileReference; lastKnownFileType = sourcecode.swift; path = TextModel.swift; sourceTree = "<group>"; };
/* End PBXFileReference section */

/* Begin PBXFrameworksBuildPhase section */
		30EF49D7246C6797004E24E5 /* Frameworks */ = {
			isa = PBXFrameworksBuildPhase;
			buildActionMask = 2147483647;
			files = (
			);
			runOnlyForDeploymentPostprocessing = 0;
		};
		30EF49F2246C6AB2004E24E5 /* Frameworks */ = {
			isa = PBXFrameworksBuildPhase;
			buildActionMask = 2147483647;
			files = (
			);
			runOnlyForDeploymentPostprocessing = 0;
		};
/* End PBXFrameworksBuildPhase section */

/* Begin PBXGroup section */
		30EF49D1246C6797004E24E5 = {
			isa = PBXGroup;
			children = (
				30EF49DC246C6797004E24E5 /* HomeWork6 */,
				30EF49F6246C6AB2004E24E5 /* ConverterExtension */,
				30EF49DB246C6797004E24E5 /* Products */,
			);
			sourceTree = "<group>";
		};
		30EF49DB246C6797004E24E5 /* Products */ = {
			isa = PBXGroup;
			children = (
				30EF49DA246C6797004E24E5 /* HomeWork6.app */,
				30EF49F5246C6AB2004E24E5 /* ConverterExtension.appex */,
			);
			name = Products;
			sourceTree = "<group>";
		};
		30EF49DC246C6797004E24E5 /* HomeWork6 */ = {
			isa = PBXGroup;
			children = (
				30EF49DD246C6797004E24E5 /* AppDelegate.swift */,
				30EF49DF246C6797004E24E5 /* SceneDelegate.swift */,
				30EF4A0A246C8763004E24E5 /* Models */,
				30EF4A09246C873E004E24E5 /* Views */,
				30EF4A08246C86D2004E24E5 /* Support Files */,
				30EF49E5246C6799004E24E5 /* Preview Content */,
			);
			path = HomeWork6;
			sourceTree = "<group>";
		};
		30EF49E5246C6799004E24E5 /* Preview Content */ = {
			isa = PBXGroup;
			children = (
				30EF49E6246C6799004E24E5 /* Preview Assets.xcassets */,
			);
			path = "Preview Content";
			sourceTree = "<group>";
		};
		30EF49F6246C6AB2004E24E5 /* ConverterExtension */ = {
			isa = PBXGroup;
			children = (
				30EF4A04246C708D004E24E5 /* ConverterExtension.entitlements */,
				30EF49F7246C6AB2004E24E5 /* ShareViewController.swift */,
				30EF49F9246C6AB2004E24E5 /* MainInterface.storyboard */,
				30EF49FC246C6AB2004E24E5 /* Info.plist */,
			);
			path = ConverterExtension;
			sourceTree = "<group>";
		};
		30EF4A08246C86D2004E24E5 /* Support Files */ = {
			isa = PBXGroup;
			children = (
				30EF4A05246C70EC004E24E5 /* HomeWork6.entitlements */,
				30EF49EB246C6799004E24E5 /* Info.plist */,
				30EF49E3246C6799004E24E5 /* Assets.xcassets */,
				30EF49E8246C6799004E24E5 /* LaunchScreen.storyboard */,
			);
			path = "Support Files";
			sourceTree = "<group>";
		};
		30EF4A09246C873E004E24E5 /* Views */ = {
			isa = PBXGroup;
			children = (
				30EF49E1246C6797004E24E5 /* ContentView.swift */,
			);
			path = Views;
			sourceTree = "<group>";
		};
		30EF4A0A246C8763004E24E5 /* Models */ = {
			isa = PBXGroup;
			children = (
				30EF4A06246C8457004E24E5 /* TextModel.swift */,
			);
			path = Models;
			sourceTree = "<group>";
		};
/* End PBXGroup section */

/* Begin PBXNativeTarget section */
		30EF49D9246C6797004E24E5 /* HomeWork6 */ = {
			isa = PBXNativeTarget;
			buildConfigurationList = 30EF49EE246C6799004E24E5 /* Build configuration list for PBXNativeTarget "HomeWork6" */;
			buildPhases = (
				30EF49D6246C6797004E24E5 /* Sources */,
				30EF49D7246C6797004E24E5 /* Frameworks */,
				30EF49D8246C6797004E24E5 /* Resources */,
				30EF4A03246C6AB2004E24E5 /* Embed App Extensions */,
			);
			buildRules = (
			);
			dependencies = (
				30EF49FE246C6AB2004E24E5 /* PBXTargetDependency */,
			);
			name = HomeWork6;
			productName = HomeWork6;
			productReference = 30EF49DA246C6797004E24E5 /* HomeWork6.app */;
			productType = "com.apple.product-type.application";
		};
		30EF49F4246C6AB2004E24E5 /* ConverterExtension */ = {
			isa = PBXNativeTarget;
			buildConfigurationList = 30EF4A00246C6AB2004E24E5 /* Build configuration list for PBXNativeTarget "ConverterExtension" */;
			buildPhases = (
				30EF49F1246C6AB2004E24E5 /* Sources */,
				30EF49F2246C6AB2004E24E5 /* Frameworks */,
				30EF49F3246C6AB2004E24E5 /* Resources */,
			);
			buildRules = (
			);
			dependencies = (
			);
			name = ConverterExtension;
			productName = ConverterExtension;
			productReference = 30EF49F5246C6AB2004E24E5 /* ConverterExtension.appex */;
			productType = "com.apple.product-type.app-extension";
		};
/* End PBXNativeTarget section */

/* Begin PBXProject section */
		30EF49D2246C6797004E24E5 /* Project object */ = {
			isa = PBXProject;
			attributes = {
				LastSwiftUpdateCheck = 1140;
				LastUpgradeCheck = 1140;
				ORGANIZATIONNAME = "Vitaliy Voronok";
				TargetAttributes = {
					30EF49D9246C6797004E24E5 = {
						CreatedOnToolsVersion = 11.4.1;
					};
					30EF49F4246C6AB2004E24E5 = {
						CreatedOnToolsVersion = 11.4.1;
					};
				};
			};
			buildConfigurationList = 30EF49D5246C6797004E24E5 /* Build configuration list for PBXProject "HomeWork6" */;
			compatibilityVersion = "Xcode 9.3";
			developmentRegion = en;
			hasScannedForEncodings = 0;
			knownRegions = (
				en,
				Base,
			);
			mainGroup = 30EF49D1246C6797004E24E5;
			productRefGroup = 30EF49DB246C6797004E24E5 /* Products */;
			projectDirPath = "";
			projectRoot = "";
			targets = (
				30EF49D9246C6797004E24E5 /* HomeWork6 */,
				30EF49F4246C6AB2004E24E5 /* ConverterExtension */,
			);
		};
/* End PBXProject section */

/* Begin PBXResourcesBuildPhase section */
		30EF49D8246C6797004E24E5 /* Resources */ = {
			isa = PBXResourcesBuildPhase;
			buildActionMask = 2147483647;
			files = (
				30EF49EA246C6799004E24E5 /* LaunchScreen.storyboard in Resources */,
				30EF49E7246C6799004E24E5 /* Preview Assets.xcassets in Resources */,
				30EF49E4246C6799004E24E5 /* Assets.xcassets in Resources */,
			);
			runOnlyForDeploymentPostprocessing = 0;
		};
		30EF49F3246C6AB2004E24E5 /* Resources */ = {
			isa = PBXResourcesBuildPhase;
			buildActionMask = 2147483647;
			files = (
				30EF49FB246C6AB2004E24E5 /* MainInterface.storyboard in Resources */,
			);
			runOnlyForDeploymentPostprocessing = 0;
		};
/* End PBXResourcesBuildPhase section */

/* Begin PBXSourcesBuildPhase section */
		30EF49D6246C6797004E24E5 /* Sources */ = {
			isa = PBXSourcesBuildPhase;
			buildActionMask = 2147483647;
			files = (
				30EF4A07246C8457004E24E5 /* TextModel.swift in Sources */,
				30EF49DE246C6797004E24E5 /* AppDelegate.swift in Sources */,
				30EF49E0246C6797004E24E5 /* SceneDelegate.swift in Sources */,
				30EF49E2246C6797004E24E5 /* ContentView.swift in Sources */,
			);
			runOnlyForDeploymentPostprocessing = 0;
		};
		30EF49F1246C6AB2004E24E5 /* Sources */ = {
			isa = PBXSourcesBuildPhase;
			buildActionMask = 2147483647;
			files = (
				30EF49F8246C6AB2004E24E5 /* ShareViewController.swift in Sources */,
			);
			runOnlyForDeploymentPostprocessing = 0;
		};
/* End PBXSourcesBuildPhase section */

/* Begin PBXTargetDependency section */
		30EF49FE246C6AB2004E24E5 /* PBXTargetDependency */ = {
			isa = PBXTargetDependency;
			target = 30EF49F4246C6AB2004E24E5 /* ConverterExtension */;
			targetProxy = 30EF49FD246C6AB2004E24E5 /* PBXContainerItemProxy */;
		};
/* End PBXTargetDependency section */

/* Begin PBXVariantGroup section */
		30EF49E8246C6799004E24E5 /* LaunchScreen.storyboard */ = {
			isa = PBXVariantGroup;
			children = (
				30EF49E9246C6799004E24E5 /* Base */,
			);
			name = LaunchScreen.storyboard;
			sourceTree = "<group>";
		};
		30EF49F9246C6AB2004E24E5 /* MainInterface.storyboard */ = {
			isa = PBXVariantGroup;
			children = (
				30EF49FA246C6AB2004E24E5 /* Base */,
			);
			name = MainInterface.storyboard;
			sourceTree = "<group>";
		};
/* End PBXVariantGroup section */

/* Begin XCBuildConfiguration section */
		30EF49EC246C6799004E24E5 /* Debug */ = {
			isa = XCBuildConfiguration;
			buildSettings = {
				ALWAYS_SEARCH_USER_PATHS = NO;
				CLANG_ANALYZER_NONNULL = YES;
				CLANG_ANALYZER_NUMBER_OBJECT_CONVERSION = YES_AGGRESSIVE;
				CLANG_CXX_LANGUAGE_STANDARD = "gnu++14";
				CLANG_CXX_LIBRARY = "libc++";
				CLANG_ENABLE_MODULES = YES;
				CLANG_ENABLE_OBJC_ARC = YES;
				CLANG_ENABLE_OBJC_WEAK = YES;
				CLANG_WARN_BLOCK_CAPTURE_AUTORELEASING = YES;
				CLANG_WARN_BOOL_CONVERSION = YES;
				CLANG_WARN_COMMA = YES;
				CLANG_WARN_CONSTANT_CONVERSION = YES;
				CLANG_WARN_DEPRECATED_OBJC_IMPLEMENTATIONS = YES;
				CLANG_WARN_DIRECT_OBJC_ISA_USAGE = YES_ERROR;
				CLANG_WARN_DOCUMENTATION_COMMENTS = YES;
				CLANG_WARN_EMPTY_BODY = YES;
				CLANG_WARN_ENUM_CONVERSION = YES;
				CLANG_WARN_INFINITE_RECURSION = YES;
				CLANG_WARN_INT_CONVERSION = YES;
				CLANG_WARN_NON_LITERAL_NULL_CONVERSION = YES;
				CLANG_WARN_OBJC_IMPLICIT_RETAIN_SELF = YES;
				CLANG_WARN_OBJC_LITERAL_CONVERSION = YES;
				CLANG_WARN_OBJC_ROOT_CLASS = YES_ERROR;
				CLANG_WARN_RANGE_LOOP_ANALYSIS = YES;
				CLANG_WARN_STRICT_PROTOTYPES = YES;
				CLANG_WARN_SUSPICIOUS_MOVE = YES;
				CLANG_WARN_UNGUARDED_AVAILABILITY = YES_AGGRESSIVE;
				CLANG_WARN_UNREACHABLE_CODE = YES;
				CLANG_WARN__DUPLICATE_METHOD_MATCH = YES;
				COPY_PHASE_STRIP = NO;
				DEBUG_INFORMATION_FORMAT = dwarf;
				ENABLE_STRICT_OBJC_MSGSEND = YES;
				ENABLE_TESTABILITY = YES;
				GCC_C_LANGUAGE_STANDARD = gnu11;
				GCC_DYNAMIC_NO_PIC = NO;
				GCC_NO_COMMON_BLOCKS = YES;
				GCC_OPTIMIZATION_LEVEL = 0;
				GCC_PREPROCESSOR_DEFINITIONS = (
					"DEBUG=1",
					"$(inherited)",
				);
				GCC_WARN_64_TO_32_BIT_CONVERSION = YES;
				GCC_WARN_ABOUT_RETURN_TYPE = YES_ERROR;
				GCC_WARN_UNDECLARED_SELECTOR = YES;
				GCC_WARN_UNINITIALIZED_AUTOS = YES_AGGRESSIVE;
				GCC_WARN_UNUSED_FUNCTION = YES;
				GCC_WARN_UNUSED_VARIABLE = YES;
				IPHONEOS_DEPLOYMENT_TARGET = 13.4;
				MTL_ENABLE_DEBUG_INFO = INCLUDE_SOURCE;
				MTL_FAST_MATH = YES;
				ONLY_ACTIVE_ARCH = YES;
				SDKROOT = iphoneos;
				SWIFT_ACTIVE_COMPILATION_CONDITIONS = DEBUG;
				SWIFT_OPTIMIZATION_LEVEL = "-Onone";
			};
			name = Debug;
		};
		30EF49ED246C6799004E24E5 /* Release */ = {
			isa = XCBuildConfiguration;
			buildSettings = {
				ALWAYS_SEARCH_USER_PATHS = NO;
				CLANG_ANALYZER_NONNULL = YES;
				CLANG_ANALYZER_NUMBER_OBJECT_CONVERSION = YES_AGGRESSIVE;
				CLANG_CXX_LANGUAGE_STANDARD = "gnu++14";
				CLANG_CXX_LIBRARY = "libc++";
				CLANG_ENABLE_MODULES = YES;
				CLANG_ENABLE_OBJC_ARC = YES;
				CLANG_ENABLE_OBJC_WEAK = YES;
				CLANG_WARN_BLOCK_CAPTURE_AUTORELEASING = YES;
				CLANG_WARN_BOOL_CONVERSION = YES;
				CLANG_WARN_COMMA = YES;
				CLANG_WARN_CONSTANT_CONVERSION = YES;
				CLANG_WARN_DEPRECATED_OBJC_IMPLEMENTATIONS = YES;
				CLANG_WARN_DIRECT_OBJC_ISA_USAGE = YES_ERROR;
				CLANG_WARN_DOCUMENTATION_COMMENTS = YES;
				CLANG_WARN_EMPTY_BODY = YES;
				CLANG_WARN_ENUM_CONVERSION = YES;
				CLANG_WARN_INFINITE_RECURSION = YES;
				CLANG_WARN_INT_CONVERSION = YES;
				CLANG_WARN_NON_LITERAL_NULL_CONVERSION = YES;
				CLANG_WARN_OBJC_IMPLICIT_RETAIN_SELF = YES;
				CLANG_WARN_OBJC_LITERAL_CONVERSION = YES;
				CLANG_WARN_OBJC_ROOT_CLASS = YES_ERROR;
				CLANG_WARN_RANGE_LOOP_ANALYSIS = YES;
				CLANG_WARN_STRICT_PROTOTYPES = YES;
				CLANG_WARN_SUSPICIOUS_MOVE = YES;
				CLANG_WARN_UNGUARDED_AVAILABILITY = YES_AGGRESSIVE;
				CLANG_WARN_UNREACHABLE_CODE = YES;
				CLANG_WARN__DUPLICATE_METHOD_MATCH = YES;
				COPY_PHASE_STRIP = NO;
				DEBUG_INFORMATION_FORMAT = "dwarf-with-dsym";
				ENABLE_NS_ASSERTIONS = NO;
				ENABLE_STRICT_OBJC_MSGSEND = YES;
				GCC_C_LANGUAGE_STANDARD = gnu11;
				GCC_NO_COMMON_BLOCKS = YES;
				GCC_WARN_64_TO_32_BIT_CONVERSION = YES;
				GCC_WARN_ABOUT_RETURN_TYPE = YES_ERROR;
				GCC_WARN_UNDECLARED_SELECTOR = YES;
				GCC_WARN_UNINITIALIZED_AUTOS = YES_AGGRESSIVE;
				GCC_WARN_UNUSED_FUNCTION = YES;
				GCC_WARN_UNUSED_VARIABLE = YES;
				IPHONEOS_DEPLOYMENT_TARGET = 13.4;
				MTL_ENABLE_DEBUG_INFO = NO;
				MTL_FAST_MATH = YES;
				SDKROOT = iphoneos;
				SWIFT_COMPILATION_MODE = wholemodule;
				SWIFT_OPTIMIZATION_LEVEL = "-O";
				VALIDATE_PRODUCT = YES;
			};
			name = Release;
		};
		30EF49EF246C6799004E24E5 /* Debug */ = {
			isa = XCBuildConfiguration;
			buildSettings = {
				ALWAYS_EMBED_SWIFT_STANDARD_LIBRARIES = YES;
				ASSETCATALOG_COMPILER_APPICON_NAME = AppIcon;
				CODE_SIGN_ENTITLEMENTS = "HomeWork6/Support Files/HomeWork6.entitlements";
				CODE_SIGN_STYLE = Automatic;
				DEVELOPMENT_ASSET_PATHS = "\"HomeWork6/Preview Content\"";
				DEVELOPMENT_TEAM = 5298J2LD58;
				ENABLE_PREVIEWS = YES;
				INFOPLIST_FILE = "HomeWork6/Support Files/Info.plist";
				LD_RUNPATH_SEARCH_PATHS = (
					"$(inherited)",
					"@executable_path/Frameworks",
				);
				PRODUCT_BUNDLE_IDENTIFIER = com.kneo82.HomeWork6;
				PRODUCT_NAME = "$(TARGET_NAME)";
				SWIFT_VERSION = 5.0;
				TARGETED_DEVICE_FAMILY = "1,2";
			};
			name = Debug;
		};
		30EF49F0246C6799004E24E5 /* Release */ = {
			isa = XCBuildConfiguration;
			buildSettings = {
				ALWAYS_EMBED_SWIFT_STANDARD_LIBRARIES = YES;
				ASSETCATALOG_COMPILER_APPICON_NAME = AppIcon;
				CODE_SIGN_ENTITLEMENTS = "HomeWork6/Support Files/HomeWork6.entitlements";
				CODE_SIGN_STYLE = Automatic;
				DEVELOPMENT_ASSET_PATHS = "\"HomeWork6/Preview Content\"";
				DEVELOPMENT_TEAM = 5298J2LD58;
				ENABLE_PREVIEWS = YES;
				INFOPLIST_FILE = "HomeWork6/Support Files/Info.plist";
				LD_RUNPATH_SEARCH_PATHS = (
					"$(inherited)",
					"@executable_path/Frameworks",
				);
				PRODUCT_BUNDLE_IDENTIFIER = com.kneo82.HomeWork6;
				PRODUCT_NAME = "$(TARGET_NAME)";
				SWIFT_VERSION = 5.0;
				TARGETED_DEVICE_FAMILY = "1,2";
			};
			name = Release;
		};
		30EF4A01246C6AB2004E24E5 /* Debug */ = {
			isa = XCBuildConfiguration;
			buildSettings = {
				CODE_SIGN_ENTITLEMENTS = ConverterExtension/ConverterExtension.entitlements;
				CODE_SIGN_STYLE = Automatic;
				DEVELOPMENT_TEAM = 5298J2LD58;
				INFOPLIST_FILE = ConverterExtension/Info.plist;
				LD_RUNPATH_SEARCH_PATHS = (
					"$(inherited)",
					"@executable_path/Frameworks",
					"@executable_path/../../Frameworks",
				);
				PRODUCT_BUNDLE_IDENTIFIER = com.kneo82.HomeWork6.ConverterExtension;
				PRODUCT_NAME = "$(TARGET_NAME)";
				SKIP_INSTALL = YES;
				SWIFT_VERSION = 5.0;
				TARGETED_DEVICE_FAMILY = "1,2";
			};
			name = Debug;
		};
		30EF4A02246C6AB2004E24E5 /* Release */ = {
			isa = XCBuildConfiguration;
			buildSettings = {
				CODE_SIGN_ENTITLEMENTS = ConverterExtension/ConverterExtension.entitlements;
				CODE_SIGN_STYLE = Automatic;
				DEVELOPMENT_TEAM = 5298J2LD58;
				INFOPLIST_FILE = ConverterExtension/Info.plist;
				LD_RUNPATH_SEARCH_PATHS = (
					"$(inherited)",
					"@executable_path/Frameworks",
					"@executable_path/../../Frameworks",
				);
				PRODUCT_BUNDLE_IDENTIFIER = com.kneo82.HomeWork6.ConverterExtension;
				PRODUCT_NAME = "$(TARGET_NAME)";
				SKIP_INSTALL = YES;
				SWIFT_VERSION = 5.0;
				TARGETED_DEVICE_FAMILY = "1,2";
			};
			name = Release;
		};
/* End XCBuildConfiguration section */

/* Begin XCConfigurationList section */
		30EF49D5246C6797004E24E5 /* Build configuration list for PBXProject "HomeWork6" */ = {
			isa = XCConfigurationList;
			buildConfigurations = (
				30EF49EC246C6799004E24E5 /* Debug */,
				30EF49ED246C6799004E24E5 /* Release */,
			);
			defaultConfigurationIsVisible = 0;
			defaultConfigurationName = Release;
		};
		30EF49EE246C6799004E24E5 /* Build configuration list for PBXNativeTarget "HomeWork6" */ = {
			isa = XCConfigurationList;
			buildConfigurations = (
				30EF49EF246C6799004E24E5 /* Debug */,
				30EF49F0246C6799004E24E5 /* Release */,
			);
			defaultConfigurationIsVisible = 0;
			defaultConfigurationName = Release;
		};
		30EF4A00246C6AB2004E24E5 /* Build configuration list for PBXNativeTarget "ConverterExtension" */ = {
			isa = XCConfigurationList;
			buildConfigurations = (
				30EF4A01246C6AB2004E24E5 /* Debug */,
				30EF4A02246C6AB2004E24E5 /* Release */,
			);
			defaultConfigurationIsVisible = 0;
			defaultConfigurationName = Release;
		};
/* End XCConfigurationList section */
	};
	rootObject = 30EF49D2246C6797004E24E5 /* Project object */;
}
